
Microsoft Visual Studio Solution File, Format Version 12.00
# Visual Studio Version 16
VisualStudioVersion = 16.0.30611.23
MinimumVisualStudioVersion = 10.0.40219.1
Project("{8BC9CEB8-8B4A-11D0-8D11-00A0C91BC942}") = "CS2_PA4_DiscountMinecraft", "CS2_PA4_DiscountMinecraft.vcxproj", "{54B8F647-3406-44C2-85F6-05DFF8D7461C}"
EndProject
Global
	GlobalSection(SolutionConfigurationPlatforms) = preSolution
		Debug|x64 = Debug|x64
		Debug|x86 = Debug|x86
		Release|x64 = Release|x64
		Release|x86 = Release|x86
	EndGlobalSection
	GlobalSection(ProjectConfigurationPlatforms) = postSolution
		{54B8F647-3406-44C2-85F6-05DFF8D7461C}.Debug|x64.ActiveCfg = Debug|x64
		{54B8F647-3406-44C2-85F6-05DFF8D7461C}.Debug|x64.Build.0 = Debug|x64
		{54B8F647-3406-44C2-85F6-05DFF8D7461C}.Debug|x86.ActiveCfg = Debug|Win32
		{54B8F647-3406-44C2-85F6-05DFF8D7461C}.Debug|x86.Build.0 = Debug|Win32
		{54B8F647-3406-44C2-85F6-05DFF8D7461C}.Release|x64.ActiveCfg = Release|x64
		{54B8F647-3406-44C2-85F6-05DFF8D7461C}.Release|x64.Build.0 = Release|x64
		{54B8F647-3406-44C2-85F6-05DFF8D7461C}.Release|x86.ActiveCfg = Release|Win32
		{54B8F647-3406-44C2-85F6-05DFF8D7461C}.Release|x86.Build.0 = Release|Win32
	EndGlobalSection
	GlobalSection(SolutionProperties) = preSolution
		HideSolutionNode = FALSE
	EndGlobalSection
	GlobalSection(ExtensibilityGlobals) = postSolution
		SolutionGuid = {9CB52545-BA16-46AB-B83C-54B9045B7761}
	EndGlobalSection
EndGlobal
